
Microsoft Visual Studio Solution File, Format Version 12.00
# Visual Studio Version 16
VisualStudioVersion = 16.0.31729.503
MinimumVisualStudioVersion = 10.0.40219.1
Project("{9A19103F-16F7-4668-BE54-9A1E7A4F7556}") = "WSATools", "WSATools\WSATools.csproj", "{EFD59E54-9F4F-4A45-9107-E248A62ED9B6}"
EndProject
Project("{9A19103F-16F7-4668-BE54-9A1E7A4F7556}") = "WSATools.Libs", "WSATools.Libs\WSATools.Libs.csproj", "{64AD1014-BCAD-47E7-8F08-85CF22870E9D}"
EndProject
Global
	GlobalSection(SolutionConfigurationPlatforms) = preSolution
		Debug|x64 = Debug|x64
		Release|x64 = Release|x64
	EndGlobalSection
	GlobalSection(ProjectConfigurationPlatforms) = postSolution
		{EFD59E54-9F4F-4A45-9107-E248A62ED9B6}.Debug|x64.ActiveCfg = Debug|x64
		{EFD59E54-9F4F-4A45-9107-E248A62ED9B6}.Debug|x64.Build.0 = Debug|x64
		{EFD59E54-9F4F-4A45-9107-E248A62ED9B6}.Release|x64.ActiveCfg = Release|x64
		{EFD59E54-9F4F-4A45-9107-E248A62ED9B6}.Release|x64.Build.0 = Release|x64
		{64AD1014-BCAD-47E7-8F08-85CF22870E9D}.Debug|x64.ActiveCfg = Debug|x64
		{64AD1014-BCAD-47E7-8F08-85CF22870E9D}.Debug|x64.Build.0 = Debug|x64
		{64AD1014-BCAD-47E7-8F08-85CF22870E9D}.Release|x64.ActiveCfg = Release|x64
		{64AD1014-BCAD-47E7-8F08-85CF22870E9D}.Release|x64.Build.0 = Release|x64
	EndGlobalSection
	GlobalSection(SolutionProperties) = preSolution
		HideSolutionNode = FALSE
	EndGlobalSection
	GlobalSection(ExtensibilityGlobals) = postSolution
		SolutionGuid = {0F361E18-34D0-4ADB-9027-73C449E873E6}
	EndGlobalSection
EndGlobal
